
Microsoft Visual Studio Solution File, Format Version 12.00
# Visual Studio Version 17
VisualStudioVersion = 17.9.34728.123
MinimumVisualStudioVersion = 10.0.40219.1
Project("{9A19103F-16F7-4668-BE54-9A1E7A4F7556}") = "GestorDespedidasDeSoltero", "GestorDespedidasDeSoltero\GestorDespedidasDeSoltero.csproj", "{9C4C6059-933C-40AD-AC30-3238E43C711C}"
EndProject
Project("{9A19103F-16F7-4668-BE54-9A1E7A4F7556}") = "GestorEventos.Servicios", "GestorEventos.Servicios\GestorEventos.Servicios.csproj", "{BF59C516-EF26-48FC-ADB7-CD6FBC826CF9}"
EndProject
Project("{9A19103F-16F7-4668-BE54-9A1E7A4F7556}") = "GestorEventos.WebAdmin", "GestorEventos.WebAdmin\GestorEventos.WebAdmin.csproj", "{78225BD0-82ED-4B00-9AA4-198F3499E8BF}"
EndProject
Project("{FAE04EC0-301F-11D3-BF4B-00C04F79EFBC}") = "GestosEventos.WebUsuario", "GestosEventos.WebUsuario\GestosEventos.WebUsuario.csproj", "{215ED8F4-A3BC-49DC-B4B4-B9B39A4599E8}"
EndProject
Global
	GlobalSection(SolutionConfigurationPlatforms) = preSolution
		Debug|Any CPU = Debug|Any CPU
		Release|Any CPU = Release|Any CPU
	EndGlobalSection
	GlobalSection(ProjectConfigurationPlatforms) = postSolution
		{9C4C6059-933C-40AD-AC30-3238E43C711C}.Debug|Any CPU.ActiveCfg = Debug|Any CPU
		{9C4C6059-933C-40AD-AC30-3238E43C711C}.Debug|Any CPU.Build.0 = Debug|Any CPU
		{9C4C6059-933C-40AD-AC30-3238E43C711C}.Release|Any CPU.ActiveCfg = Release|Any CPU
		{9C4C6059-933C-40AD-AC30-3238E43C711C}.Release|Any CPU.Build.0 = Release|Any CPU
		{BF59C516-EF26-48FC-ADB7-CD6FBC826CF9}.Debug|Any CPU.ActiveCfg = Debug|Any CPU
		{BF59C516-EF26-48FC-ADB7-CD6FBC826CF9}.Debug|Any CPU.Build.0 = Debug|Any CPU
		{BF59C516-EF26-48FC-ADB7-CD6FBC826CF9}.Release|Any CPU.ActiveCfg = Release|Any CPU
		{BF59C516-EF26-48FC-ADB7-CD6FBC826CF9}.Release|Any CPU.Build.0 = Release|Any CPU
		{78225BD0-82ED-4B00-9AA4-198F3499E8BF}.Debug|Any CPU.ActiveCfg = Debug|Any CPU
		{78225BD0-82ED-4B00-9AA4-198F3499E8BF}.Debug|Any CPU.Build.0 = Debug|Any CPU
		{78225BD0-82ED-4B00-9AA4-198F3499E8BF}.Release|Any CPU.ActiveCfg = Release|Any CPU
		{78225BD0-82ED-4B00-9AA4-198F3499E8BF}.Release|Any CPU.Build.0 = Release|Any CPU
		{215ED8F4-A3BC-49DC-B4B4-B9B39A4599E8}.Debug|Any CPU.ActiveCfg = Debug|Any CPU
		{215ED8F4-A3BC-49DC-B4B4-B9B39A4599E8}.Debug|Any CPU.Build.0 = Debug|Any CPU
		{215ED8F4-A3BC-49DC-B4B4-B9B39A4599E8}.Release|Any CPU.ActiveCfg = Release|Any CPU
		{215ED8F4-A3BC-49DC-B4B4-B9B39A4599E8}.Release|Any CPU.Build.0 = Release|Any CPU
	EndGlobalSection
	GlobalSection(SolutionProperties) = preSolution
		HideSolutionNode = FALSE
	EndGlobalSection
	GlobalSection(ExtensibilityGlobals) = postSolution
		SolutionGuid = {6593F77F-AE53-4514-BA33-34825ED5DBD5}
	EndGlobalSection
EndGlobal
